
Microsoft Visual Studio Solution File, Format Version 12.00
# Visual Studio Version 16
VisualStudioVersion = 16.0.31424.327
MinimumVisualStudioVersion = 10.0.40219.1
Project("{9A19103F-16F7-4668-BE54-9A1E7A4F7556}") = "CShopTodoApp.Models", "CShopTodoApp.Models\CShopTodoApp.Models.csproj", "{753B5B43-6D88-4D0E-86DF-936F15BDC3A4}"
EndProject
Project("{2150E333-8FDC-42A3-9474-1A3956D46DE8}") = "UI", "UI", "{98CCC473-C0AC-4C7E-9F22-C423C81FF886}"
EndProject
Project("{9A19103F-16F7-4668-BE54-9A1E7A4F7556}") = "CShopTodoApp.ConsoleApp", "CShopTodoApp.ConsoleApp\CShopTodoApp.ConsoleApp.csproj", "{426139E4-C119-45A4-9A9A-E88FBA4869A0}"
EndProject
Project("{9A19103F-16F7-4668-BE54-9A1E7A4F7556}") = "CShopTodoApp.ConsoleAppFile", "CShopTodoApp.ConsoleAppFile\CShopTodoApp.ConsoleAppFile.csproj", "{797829D4-2F18-445B-8B23-5205E672909E}"
EndProject
Project("{9A19103F-16F7-4668-BE54-9A1E7A4F7556}") = "CShopTodoApp.WinFormsApp", "CShopTodoApp.WinFormsApp\CShopTodoApp.WinFormsApp.csproj", "{B9CFB434-ACEF-4A82-810B-BF8C2E08ABB5}"
EndProject
Project("{2150E333-8FDC-42A3-9474-1A3956D46DE8}") = "API", "API", "{38525447-B69B-4FFF-8B2E-0CD419D79BA3}"
EndProject
Project("{9A19103F-16F7-4668-BE54-9A1E7A4F7556}") = "TodoApp.Apis", "TodoApp.Apis\TodoApp.Apis.csproj", "{BD366BCB-AF98-4569-9976-04F7A4FCAB18}"
EndProject
Project("{9A19103F-16F7-4668-BE54-9A1E7A4F7556}") = "TodoApp.Apis.Tests.ConsoleApp", "TodoApp.Apis.Tests.ConsoleApp\TodoApp.Apis.Tests.ConsoleApp.csproj", "{FAB1B511-ED74-4ED5-8514-51CF2A2EF430}"
EndProject
Project("{FAE04EC0-301F-11D3-BF4B-00C04F79EFBC}") = "TodoApp.WebApplication", "TodoApp.WebApplication\TodoApp.WebApplication.csproj", "{ADFF449C-32ED-4FD5-AA3D-635EEAB644AE}"
EndProject
Global
	GlobalSection(SolutionConfigurationPlatforms) = preSolution
		Debug|Any CPU = Debug|Any CPU
		Release|Any CPU = Release|Any CPU
	EndGlobalSection
	GlobalSection(ProjectConfigurationPlatforms) = postSolution
		{753B5B43-6D88-4D0E-86DF-936F15BDC3A4}.Debug|Any CPU.ActiveCfg = Debug|Any CPU
		{753B5B43-6D88-4D0E-86DF-936F15BDC3A4}.Debug|Any CPU.Build.0 = Debug|Any CPU
		{753B5B43-6D88-4D0E-86DF-936F15BDC3A4}.Release|Any CPU.ActiveCfg = Release|Any CPU
		{753B5B43-6D88-4D0E-86DF-936F15BDC3A4}.Release|Any CPU.Build.0 = Release|Any CPU
		{426139E4-C119-45A4-9A9A-E88FBA4869A0}.Debug|Any CPU.ActiveCfg = Debug|Any CPU
		{426139E4-C119-45A4-9A9A-E88FBA4869A0}.Debug|Any CPU.Build.0 = Debug|Any CPU
		{426139E4-C119-45A4-9A9A-E88FBA4869A0}.Release|Any CPU.ActiveCfg = Release|Any CPU
		{426139E4-C119-45A4-9A9A-E88FBA4869A0}.Release|Any CPU.Build.0 = Release|Any CPU
		{797829D4-2F18-445B-8B23-5205E672909E}.Debug|Any CPU.ActiveCfg = Debug|Any CPU
		{797829D4-2F18-445B-8B23-5205E672909E}.Debug|Any CPU.Build.0 = Debug|Any CPU
		{797829D4-2F18-445B-8B23-5205E672909E}.Release|Any CPU.ActiveCfg = Release|Any CPU
		{797829D4-2F18-445B-8B23-5205E672909E}.Release|Any CPU.Build.0 = Release|Any CPU
		{B9CFB434-ACEF-4A82-810B-BF8C2E08ABB5}.Debug|Any CPU.ActiveCfg = Debug|Any CPU
		{B9CFB434-ACEF-4A82-810B-BF8C2E08ABB5}.Debug|Any CPU.Build.0 = Debug|Any CPU
		{B9CFB434-ACEF-4A82-810B-BF8C2E08ABB5}.Release|Any CPU.ActiveCfg = Release|Any CPU
		{B9CFB434-ACEF-4A82-810B-BF8C2E08ABB5}.Release|Any CPU.Build.0 = Release|Any CPU
		{BD366BCB-AF98-4569-9976-04F7A4FCAB18}.Debug|Any CPU.ActiveCfg = Debug|Any CPU
		{BD366BCB-AF98-4569-9976-04F7A4FCAB18}.Debug|Any CPU.Build.0 = Debug|Any CPU
		{BD366BCB-AF98-4569-9976-04F7A4FCAB18}.Release|Any CPU.ActiveCfg = Release|Any CPU
		{BD366BCB-AF98-4569-9976-04F7A4FCAB18}.Release|Any CPU.Build.0 = Release|Any CPU
		{FAB1B511-ED74-4ED5-8514-51CF2A2EF430}.Debug|Any CPU.ActiveCfg = Debug|Any CPU
		{FAB1B511-ED74-4ED5-8514-51CF2A2EF430}.Debug|Any CPU.Build.0 = Debug|Any CPU
		{FAB1B511-ED74-4ED5-8514-51CF2A2EF430}.Release|Any CPU.ActiveCfg = Release|Any CPU
		{FAB1B511-ED74-4ED5-8514-51CF2A2EF430}.Release|Any CPU.Build.0 = Release|Any CPU
		{ADFF449C-32ED-4FD5-AA3D-635EEAB644AE}.Debug|Any CPU.ActiveCfg = Debug|Any CPU
		{ADFF449C-32ED-4FD5-AA3D-635EEAB644AE}.Debug|Any CPU.Build.0 = Debug|Any CPU
		{ADFF449C-32ED-4FD5-AA3D-635EEAB644AE}.Release|Any CPU.ActiveCfg = Release|Any CPU
		{ADFF449C-32ED-4FD5-AA3D-635EEAB644AE}.Release|Any CPU.Build.0 = Release|Any CPU
	EndGlobalSection
	GlobalSection(SolutionProperties) = preSolution
		HideSolutionNode = FALSE
	EndGlobalSection
	GlobalSection(NestedProjects) = preSolution
		{426139E4-C119-45A4-9A9A-E88FBA4869A0} = {98CCC473-C0AC-4C7E-9F22-C423C81FF886}
		{797829D4-2F18-445B-8B23-5205E672909E} = {98CCC473-C0AC-4C7E-9F22-C423C81FF886}
		{B9CFB434-ACEF-4A82-810B-BF8C2E08ABB5} = {98CCC473-C0AC-4C7E-9F22-C423C81FF886}
		{BD366BCB-AF98-4569-9976-04F7A4FCAB18} = {38525447-B69B-4FFF-8B2E-0CD419D79BA3}
		{FAB1B511-ED74-4ED5-8514-51CF2A2EF430} = {38525447-B69B-4FFF-8B2E-0CD419D79BA3}
		{ADFF449C-32ED-4FD5-AA3D-635EEAB644AE} = {98CCC473-C0AC-4C7E-9F22-C423C81FF886}
	EndGlobalSection
	GlobalSection(ExtensibilityGlobals) = postSolution
		SolutionGuid = {E62E31E7-E6A5-4AAE-9311-582E74393054}
	EndGlobalSection
EndGlobal
